# THIS IS AN AUTOGENERATED FILE. DO NOT EDIT THIS FILE DIRECTLY.
# yarn lockfile v1


postcss-value-parser@^4.0.3:
  version "4.0.3"
  resolved "https://registry.yarnpkg.com/postcss-value-parser/-/postcss-value-parser-4.0.3.tgz#651ff4593aa9eda8d5d0d66593a2417aeaeb325d"
  integrity sha512-N7h4pG+Nnu5BEIzyeaaIYWs0LI5XC40OrRh5L60z0QjFsqGWcHcbkBvpe1WYpcIS9yQ8sOi/vIPt1ejQCrMVrg==

rfs@^9.0.3:
  version "9.0.3"
  resolved "https://registry.yarnpkg.com/rfs/-/rfs-9.0.3.tgz#6200ef283a081b01cbf07e2e3c7fe4c14cc3f07b"
  integrity sha512-LL3eu6iqrJ0I/duHollplc2Tjc33AS7HmfqiAtHZD34Sq+L4+/96nYEN7YfT+vCLbeeB4mbMFpeg2mtxn5qNGA==
  dependencies:
    postcss-value-parser "^4.0.3"
